# THIS IS AN AUTOGENERATED FILE. DO NOT EDIT THIS FILE DIRECTLY.
# yarn lockfile v1


"@types/node@^13.1.0":
  version "13.13.47"
  resolved "https://registry.yarnpkg.com/@types/node/-/node-13.13.47.tgz#6eca42c3462821309b26edbc2eff0db1e37ab9bc"
  integrity sha512-R6851wTjN1YJza8ZIeX6puNBSi/ZULHVh4WVleA7q256l+cP2EtXnKbO455fTs2ytQk3dL9qkU+Wh8l/uROdKg==

utools-helper@^1.4.6:
  version "1.4.6"
  resolved "https://registry.yarnpkg.com/utools-helper/-/utools-helper-1.4.6.tgz#107c4ab8886fcbcfda9740251fa143b3649a1db8"
  integrity sha512-8IY1GTO/9qw3A3KDZvSSNWEHGq4xdt0g+0cCveJ+nL3cDZWkWTPOLpj6eIVO+8qjruQsa+I5dLtSO1DxalPMfg==
  dependencies:
    "@types/node" "^13.1.0"
